PODS:
  - GRDB.swift (5.15.0):
    - GRDB.swift/standard (= 5.15.0)
  - GRDB.swift/standard (5.15.0)

DEPENDENCIES:
  - GRDB.swift

SPEC REPOS:
  trunk:
    - GRDB.swift

SPEC CHECKSUMS:
  GRDB.swift: bb9560c816821464e4c5aa9ac8cf0fa50e1e4647

PODFILE CHECKSUM: 13cac9ee307697371ff2a3c6f52bfab81206845a

COCOAPODS: 1.11.2
